
Microsoft Visual Studio Solution File, Format Version 12.00
# Visual Studio 15
VisualStudioVersion = 15.0.27428.2005
MinimumVisualStudioVersion = 10.0.40219.1
Project("{888888A0-9F3D-457C-B088-3A5042F75D52}") = "LoanPrediction3", "LoanPrediction3.pyproj", "{844A084B-9F0D-41B2-9553-A843F96821E3}"
EndProject
Global
	GlobalSection(SolutionConfigurationPlatforms) = preSolution
		Debug|Any CPU = Debug|Any CPU
		Release|Any CPU = Release|Any CPU
	EndGlobalSection
	GlobalSection(ProjectConfigurationPlatforms) = postSolution
		{844A084B-9F0D-41B2-9553-A843F96821E3}.Debug|Any CPU.ActiveCfg = Debug|Any CPU
		{844A084B-9F0D-41B2-9553-A843F96821E3}.Release|Any CPU.ActiveCfg = Release|Any CPU
	EndGlobalSection
	GlobalSection(SolutionProperties) = preSolution
		HideSolutionNode = FALSE
	EndGlobalSection
	GlobalSection(ExtensibilityGlobals) = postSolution
		SolutionGuid = {26E47208-30E7-4385-BD61-47577084090C}
	EndGlobalSection
EndGlobal
